# This file is automatically @generated by Cargo.
# It is not intended for manual editing.
version = 4

[[package]]
name = "belajar-rust-crate"
version = "0.1.0"
dependencies = [
 "gete-say-hello",
]

[[package]]
name = "gete-say-hello"
version = "0.1.0"
source = "registry+https://github.com/rust-lang/crates.io-index"
checksum = "a253be38eda65fe9d5953784407ded0081f6072c6b354815f3fb63871cb0e949"
